
Microsoft Visual Studio Solution File, Format Version 12.00
# Visual Studio Version 17
VisualStudioVersion = 17.13.35806.99 d17.13
MinimumVisualStudioVersion = 10.0.40219.1
Project("{FAE04EC0-301F-11D3-BF4B-00C04F79EFBC}") = "IKEA.PLL", "IKEA.PLL\IKEA.PLL.csproj", "{2E8003EB-7264-4F61-B3F7-9242CDA744ED}"
EndProject
Project("{FAE04EC0-301F-11D3-BF4B-00C04F79EFBC}") = "IKEA.BLL", "IKEA.BLL\IKEA.BLL.csproj", "{378DBF2E-8616-4262-8CD1-38E276467F69}"
EndProject
Project("{FAE04EC0-301F-11D3-BF4B-00C04F79EFBC}") = "IKEA.DAL", "IKEA.DAL\IKEA.DAL.csproj", "{60EF25AF-7317-4BBB-A1BB-A658B3A84E3C}"
EndProject
Global
	GlobalSection(SolutionConfigurationPlatforms) = preSolution
		Debug|Any CPU = Debug|Any CPU
		Release|Any CPU = Release|Any CPU
	EndGlobalSection
	GlobalSection(ProjectConfigurationPlatforms) = postSolution
		{2E8003EB-7264-4F61-B3F7-9242CDA744ED}.Debug|Any CPU.ActiveCfg = Debug|Any CPU
		{2E8003EB-7264-4F61-B3F7-9242CDA744ED}.Debug|Any CPU.Build.0 = Debug|Any CPU
		{2E8003EB-7264-4F61-B3F7-9242CDA744ED}.Release|Any CPU.ActiveCfg = Release|Any CPU
		{2E8003EB-7264-4F61-B3F7-9242CDA744ED}.Release|Any CPU.Build.0 = Release|Any CPU
		{378DBF2E-8616-4262-8CD1-38E276467F69}.Debug|Any CPU.ActiveCfg = Debug|Any CPU
		{378DBF2E-8616-4262-8CD1-38E276467F69}.Debug|Any CPU.Build.0 = Debug|Any CPU
		{378DBF2E-8616-4262-8CD1-38E276467F69}.Release|Any CPU.ActiveCfg = Release|Any CPU
		{378DBF2E-8616-4262-8CD1-38E276467F69}.Release|Any CPU.Build.0 = Release|Any CPU
		{60EF25AF-7317-4BBB-A1BB-A658B3A84E3C}.Debug|Any CPU.ActiveCfg = Debug|Any CPU
		{60EF25AF-7317-4BBB-A1BB-A658B3A84E3C}.Debug|Any CPU.Build.0 = Debug|Any CPU
		{60EF25AF-7317-4BBB-A1BB-A658B3A84E3C}.Release|Any CPU.ActiveCfg = Release|Any CPU
		{60EF25AF-7317-4BBB-A1BB-A658B3A84E3C}.Release|Any CPU.Build.0 = Release|Any CPU
	EndGlobalSection
	GlobalSection(SolutionProperties) = preSolution
		HideSolutionNode = FALSE
	EndGlobalSection
	GlobalSection(ExtensibilityGlobals) = postSolution
		SolutionGuid = {C5EC21CC-BFD5-445F-8F3E-0B8EC49619AE}
	EndGlobalSection
EndGlobal
